
Microsoft Visual Studio Solution File, Format Version 12.00
# Visual Studio Version 16
VisualStudioVersion = 16.0.31005.135
MinimumVisualStudioVersion = 10.0.40219.1
Project("{FAE04EC0-301F-11D3-BF4B-00C04F79EFBC}") = "Injector", "Injector\Injector.csproj", "{6B6AB0C6-E235-4829-839F-94DDF0274ABE}"
EndProject
Project("{8BC9CEB8-8B4A-11D0-8D11-00A0C91BC942}") = "dll_hollow", "dll_hollow\dll_hollow.vcxproj", "{42C04965-04B1-4E0B-8959-561C890F0289}"
EndProject
Global
	GlobalSection(SolutionConfigurationPlatforms) = preSolution
		Debug|Any CPU = Debug|Any CPU
		Debug|x64 = Debug|x64
		Debug|x86 = Debug|x86
		Release|Any CPU = Release|Any CPU
		Release|x64 = Release|x64
		Release|x86 = Release|x86
	EndGlobalSection
	GlobalSection(ProjectConfigurationPlatforms) = postSolution
		{6B6AB0C6-E235-4829-839F-94DDF0274ABE}.Debug|Any CPU.ActiveCfg = Release|x64
		{6B6AB0C6-E235-4829-839F-94DDF0274ABE}.Debug|Any CPU.Build.0 = Release|x64
		{6B6AB0C6-E235-4829-839F-94DDF0274ABE}.Debug|x64.ActiveCfg = Debug|Any CPU
		{6B6AB0C6-E235-4829-839F-94DDF0274ABE}.Debug|x64.Build.0 = Debug|Any CPU
		{6B6AB0C6-E235-4829-839F-94DDF0274ABE}.Debug|x86.ActiveCfg = Debug|Any CPU
		{6B6AB0C6-E235-4829-839F-94DDF0274ABE}.Debug|x86.Build.0 = Debug|Any CPU
		{6B6AB0C6-E235-4829-839F-94DDF0274ABE}.Release|Any CPU.ActiveCfg = Release|Any CPU
		{6B6AB0C6-E235-4829-839F-94DDF0274ABE}.Release|Any CPU.Build.0 = Release|Any CPU
		{6B6AB0C6-E235-4829-839F-94DDF0274ABE}.Release|x64.ActiveCfg = Release|x64
		{6B6AB0C6-E235-4829-839F-94DDF0274ABE}.Release|x64.Build.0 = Release|x64
		{6B6AB0C6-E235-4829-839F-94DDF0274ABE}.Release|x86.ActiveCfg = Release|x86
		{6B6AB0C6-E235-4829-839F-94DDF0274ABE}.Release|x86.Build.0 = Release|x86
		{42C04965-04B1-4E0B-8959-561C890F0289}.Debug|Any CPU.ActiveCfg = Release|x64
		{42C04965-04B1-4E0B-8959-561C890F0289}.Debug|x64.ActiveCfg = Debug|x64
		{42C04965-04B1-4E0B-8959-561C890F0289}.Debug|x64.Build.0 = Debug|x64
		{42C04965-04B1-4E0B-8959-561C890F0289}.Debug|x86.ActiveCfg = Debug|Win32
		{42C04965-04B1-4E0B-8959-561C890F0289}.Debug|x86.Build.0 = Debug|Win32
		{42C04965-04B1-4E0B-8959-561C890F0289}.Release|Any CPU.ActiveCfg = Release|Win32
		{42C04965-04B1-4E0B-8959-561C890F0289}.Release|x64.ActiveCfg = Release|x64
		{42C04965-04B1-4E0B-8959-561C890F0289}.Release|x64.Build.0 = Release|x64
		{42C04965-04B1-4E0B-8959-561C890F0289}.Release|x86.ActiveCfg = Release|Win32
		{42C04965-04B1-4E0B-8959-561C890F0289}.Release|x86.Build.0 = Release|Win32
	EndGlobalSection
	GlobalSection(SolutionProperties) = preSolution
		HideSolutionNode = FALSE
	EndGlobalSection
	GlobalSection(ExtensibilityGlobals) = postSolution
		SolutionGuid = {FA153FF2-9ED7-4331-B2AC-2ED04BBE5ADE}
	EndGlobalSection
EndGlobal
